// !$*UTF8*$!
{
	archiveVersion = 1;
	classes = {
	};
	objectVersion = 50;
	objects = {

/* Begin PBXBuildFile section */
		77CB4DB90EE07F048CF0AE00 /* Pods_DevgridTest.framework in Frameworks */ = {isa = PBXBuildFile; fileRef = 46DBC01AE6CBD6C5720AA17A /* Pods_DevgridTest.framework */; };
		A0F4193921B7F37200C5F323 /* AppDelegate.swift in Sources */ = {isa = PBXBuildFile; fileRef = A0F4193821B7F37200C5F323 /* AppDelegate.swift */; };
		A0F4193B21B7F37200C5F323 /* CameraQR_VC.swift in Sources */ = {isa = PBXBuildFile; fileRef = A0F4193A21B7F37200C5F323 /* CameraQR_VC.swift */; };
		A0F4193E21B7F37200C5F323 /* Main.storyboard in Resources */ = {isa = PBXBuildFile; fileRef = A0F4193C21B7F37200C5F323 /* Main.storyboard */; };
		A0F4194021B7F37B00C5F323 /* Assets.xcassets in Resources */ = {isa = PBXBuildFile; fileRef = A0F4193F21B7F37B00C5F323 /* Assets.xcassets */; };
		A0F4194321B7F37B00C5F323 /* LaunchScreen.storyboard in Resources */ = {isa = PBXBuildFile; fileRef = A0F4194121B7F37B00C5F323 /* LaunchScreen.storyboard */; };
		A0FA93D221B8270B00366D1D /* Reachability.swift in Sources */ = {isa = PBXBuildFile; fileRef = A0FA93D121B8270B00366D1D /* Reachability.swift */; };
		A0FA93D421B8272400366D1D /* ConnectionManager.swift in Sources */ = {isa = PBXBuildFile; fileRef = A0FA93D321B8272400366D1D /* ConnectionManager.swift */; };
		A0FA93D621B8273000366D1D /* ConstantsManager.swift in Sources */ = {isa = PBXBuildFile; fileRef = A0FA93D521B8273000366D1D /* ConstantsManager.swift */; };
		A0FA93D921B8279E00366D1D /* ToolBox.swift in Sources */ = {isa = PBXBuildFile; fileRef = A0FA93D821B8279E00366D1D /* ToolBox.swift */; };
/* End PBXBuildFile section */

/* Begin PBXFileReference section */
		46DBC01AE6CBD6C5720AA17A /* Pods_DevgridTest.framework */ = {isa = PBXFileReference; explicitFileType = wrapper.framework; includeInIndex = 0; path = Pods_DevgridTest.framework; sourceTree = BUILT_PRODUCTS_DIR; };
		A0F4193521B7F37200C5F323 /* DevgridTest.app */ = {isa = PBXFileReference; explicitFileType = wrapper.application; includeInIndex = 0; path = DevgridTest.app; sourceTree = BUILT_PRODUCTS_DIR; };
		A0F4193821B7F37200C5F323 /* AppDelegate.swift */ = {isa = PBXFileReference; lastKnownFileType = sourcecode.swift; path = AppDelegate.swift; sourceTree = "<group>"; };
		A0F4193A21B7F37200C5F323 /* CameraQR_VC.swift */ = {isa = PBXFileReference; lastKnownFileType = sourcecode.swift; path = CameraQR_VC.swift; sourceTree = "<group>"; };
		A0F4193D21B7F37200C5F323 /* Base */ = {isa = PBXFileReference; lastKnownFileType = file.storyboard; name = Base; path = Base.lproj/Main.storyboard; sourceTree = "<group>"; };
		A0F4193F21B7F37B00C5F323 /* Assets.xcassets */ = {isa = PBXFileReference; lastKnownFileType = folder.assetcatalog; path = Assets.xcassets; sourceTree = "<group>"; };
		A0F4194221B7F37B00C5F323 /* Base */ = {isa = PBXFileReference; lastKnownFileType = file.storyboard; name = Base; path = Base.lproj/LaunchScreen.storyboard; sourceTree = "<group>"; };
		A0F4194421B7F37B00C5F323 /* Info.plist */ = {isa = PBXFileReference; lastKnownFileType = text.plist.xml; path = Info.plist; sourceTree = "<group>"; };
		A0FA93D121B8270B00366D1D /* Reachability.swift */ = {isa = PBXFileReference; fileEncoding = 4; lastKnownFileType = sourcecode.swift; path = Reachability.swift; sourceTree = "<group>"; };
		A0FA93D321B8272400366D1D /* ConnectionManager.swift */ = {isa = PBXFileReference; fileEncoding = 4; lastKnownFileType = sourcecode.swift; path = ConnectionManager.swift; sourceTree = "<group>"; };
		A0FA93D521B8273000366D1D /* ConstantsManager.swift */ = {isa = PBXFileReference; fileEncoding = 4; lastKnownFileType = sourcecode.swift; path = ConstantsManager.swift; sourceTree = "<group>"; };
		A0FA93D821B8279E00366D1D /* ToolBox.swift */ = {isa = PBXFileReference; fileEncoding = 4; lastKnownFileType = sourcecode.swift; path = ToolBox.swift; sourceTree = "<group>"; };
		C1D6E308127EE161ED35FB20 /* Pods-DevgridTest.release.xcconfig */ = {isa = PBXFileReference; includeInIndex = 1; lastKnownFileType = text.xcconfig; name = "Pods-DevgridTest.release.xcconfig"; path = "Pods/Target Support Files/Pods-DevgridTest/Pods-DevgridTest.release.xcconfig"; sourceTree = "<group>"; };
		CD4940371B83F209104A9ECE /* Pods-DevgridTest.debug.xcconfig */ = {isa = PBXFileReference; includeInIndex = 1; lastKnownFileType = text.xcconfig; name = "Pods-DevgridTest.debug.xcconfig"; path = "Pods/Target Support Files/Pods-DevgridTest/Pods-DevgridTest.debug.xcconfig"; sourceTree = "<group>"; };
/* End PBXFileReference section */

/* Begin PBXFrameworksBuildPhase section */
		A0F4193221B7F37200C5F323 /* Frameworks */ = {
			isa = PBXFrameworksBuildPhase;
			buildActionMask = 2147483647;
			files = (
				77CB4DB90EE07F048CF0AE00 /* Pods_DevgridTest.framework in Frameworks */,
			);
			runOnlyForDeploymentPostprocessing = 0;
		};
/* End PBXFrameworksBuildPhase section */

/* Begin PBXGroup section */
		6926CD57D29CD26E6EAC89AE /* Frameworks */ = {
			isa = PBXGroup;
			children = (
				46DBC01AE6CBD6C5720AA17A /* Pods_DevgridTest.framework */,
			);
			name = Frameworks;
			sourceTree = "<group>";
		};
		7945A09235C1C1851101704C /* Pods */ = {
			isa = PBXGroup;
			children = (
				CD4940371B83F209104A9ECE /* Pods-DevgridTest.debug.xcconfig */,
				C1D6E308127EE161ED35FB20 /* Pods-DevgridTest.release.xcconfig */,
			);
			name = Pods;
			sourceTree = "<group>";
		};
		A0F4192C21B7F37200C5F323 = {
			isa = PBXGroup;
			children = (
				A0F4193721B7F37200C5F323 /* DevgridTest */,
				A0F4193621B7F37200C5F323 /* Products */,
				7945A09235C1C1851101704C /* Pods */,
				6926CD57D29CD26E6EAC89AE /* Frameworks */,
			);
			sourceTree = "<group>";
		};
		A0F4193621B7F37200C5F323 /* Products */ = {
			isa = PBXGroup;
			children = (
				A0F4193521B7F37200C5F323 /* DevgridTest.app */,
			);
			name = Products;
			sourceTree = "<group>";
		};
		A0F4193721B7F37200C5F323 /* DevgridTest */ = {
			isa = PBXGroup;
			children = (
				A0F4194F21B7F4C600C5F323 /* Delegate */,
				A0F4195021B7F4D700C5F323 /* Storyboard */,
				A0F4194E21B7F3FA00C5F323 /* DataSource */,
				A0F4194C21B7F3C600C5F323 /* Model */,
				A0F4194A21B7F3AC00C5F323 /* ViewController */,
				A0F4194B21B7F3BC00C5F323 /* Utils */,
				A0F4195121B7F4F100C5F323 /* Resource */,
				A0F4194D21B7F3E200C5F323 /* SupportFiles */,
			);
			path = DevgridTest;
			sourceTree = "<group>";
		};
		A0F4194A21B7F3AC00C5F323 /* ViewController */ = {
			isa = PBXGroup;
			children = (
				A0F4193A21B7F37200C5F323 /* CameraQR_VC.swift */,
			);
			path = ViewController;
			sourceTree = "<group>";
		};
		A0F4194B21B7F3BC00C5F323 /* Utils */ = {
			isa = PBXGroup;
			children = (
				A0FA93D721B8278600366D1D /* Toolbox */,
				A0FA93D021B8257800366D1D /* ConnectionManager */,
			);
			path = Utils;
			sourceTree = "<group>";
		};
		A0F4194C21B7F3C600C5F323 /* Model */ = {
			isa = PBXGroup;
			children = (
			);
			path = Model;
			sourceTree = "<group>";
		};
		A0F4194D21B7F3E200C5F323 /* SupportFiles */ = {
			isa = PBXGroup;
			children = (
				A0FA93D521B8273000366D1D /* ConstantsManager.swift */,
				A0F4194421B7F37B00C5F323 /* Info.plist */,
			);
			path = SupportFiles;
			sourceTree = "<group>";
		};
		A0F4194E21B7F3FA00C5F323 /* DataSource */ = {
			isa = PBXGroup;
			children = (
			);
			path = DataSource;
			sourceTree = "<group>";
		};
		A0F4194F21B7F4C600C5F323 /* Delegate */ = {
			isa = PBXGroup;
			children = (
				A0F4193821B7F37200C5F323 /* AppDelegate.swift */,
			);
			path = Delegate;
			sourceTree = "<group>";
		};
		A0F4195021B7F4D700C5F323 /* Storyboard */ = {
			isa = PBXGroup;
			children = (
				A0F4194121B7F37B00C5F323 /* LaunchScreen.storyboard */,
				A0F4193C21B7F37200C5F323 /* Main.storyboard */,
			);
			path = Storyboard;
			sourceTree = "<group>";
		};
		A0F4195121B7F4F100C5F323 /* Resource */ = {
			isa = PBXGroup;
			children = (
				A0F4193F21B7F37B00C5F323 /* Assets.xcassets */,
			);
			path = Resource;
			sourceTree = "<group>";
		};
		A0FA93D021B8257800366D1D /* ConnectionManager */ = {
			isa = PBXGroup;
			children = (
				A0FA93D321B8272400366D1D /* ConnectionManager.swift */,
				A0FA93D121B8270B00366D1D /* Reachability.swift */,
			);
			path = ConnectionManager;
			sourceTree = "<group>";
		};
		A0FA93D721B8278600366D1D /* Toolbox */ = {
			isa = PBXGroup;
			children = (
				A0FA93D821B8279E00366D1D /* ToolBox.swift */,
			);
			path = Toolbox;
			sourceTree = "<group>";
		};
/* End PBXGroup section */

/* Begin PBXNativeTarget section */
		A0F4193421B7F37200C5F323 /* DevgridTest */ = {
			isa = PBXNativeTarget;
			buildConfigurationList = A0F4194721B7F37B00C5F323 /* Build configuration list for PBXNativeTarget "DevgridTest" */;
			buildPhases = (
				B83E5EEC88EB675AA34A12C9 /* [CP] Check Pods Manifest.lock */,
				A0F4193121B7F37200C5F323 /* Sources */,
				A0F4193221B7F37200C5F323 /* Frameworks */,
				A0F4193321B7F37200C5F323 /* Resources */,
				33BB04B811F56E6BA5EB22C7 /* [CP] Embed Pods Frameworks */,
			);
			buildRules = (
			);
			dependencies = (
			);
			name = DevgridTest;
			productName = DevgridTest;
			productReference = A0F4193521B7F37200C5F323 /* DevgridTest.app */;
			productType = "com.apple.product-type.application";
		};
/* End PBXNativeTarget section */

/* Begin PBXProject section */
		A0F4192D21B7F37200C5F323 /* Project object */ = {
			isa = PBXProject;
			attributes = {
				LastSwiftUpdateCheck = 1010;
				LastUpgradeCheck = 1010;
				ORGANIZATIONNAME = Lab360;
				TargetAttributes = {
					A0F4193421B7F37200C5F323 = {
						CreatedOnToolsVersion = 10.1;
					};
				};
			};
			buildConfigurationList = A0F4193021B7F37200C5F323 /* Build configuration list for PBXProject "DevgridTest" */;
			compatibilityVersion = "Xcode 9.3";
			developmentRegion = en;
			hasScannedForEncodings = 0;
			knownRegions = (
				en,
				Base,
			);
			mainGroup = A0F4192C21B7F37200C5F323;
			productRefGroup = A0F4193621B7F37200C5F323 /* Products */;
			projectDirPath = "";
			projectRoot = "";
			targets = (
				A0F4193421B7F37200C5F323 /* DevgridTest */,
			);
		};
/* End PBXProject section */

/* Begin PBXResourcesBuildPhase section */
		A0F4193321B7F37200C5F323 /* Resources */ = {
			isa = PBXResourcesBuildPhase;
			buildActionMask = 2147483647;
			files = (
				A0F4194321B7F37B00C5F323 /* LaunchScreen.storyboard in Resources */,
				A0F4194021B7F37B00C5F323 /* Assets.xcassets in Resources */,
				A0F4193E21B7F37200C5F323 /* Main.storyboard in Resources */,
			);
			runOnlyForDeploymentPostprocessing = 0;
		};
/* End PBXResourcesBuildPhase section */

/* Begin PBXShellScriptBuildPhase section */
		33BB04B811F56E6BA5EB22C7 /* [CP] Embed Pods Frameworks */ = {
			isa = PBXShellScriptBuildPhase;
			buildActionMask = 2147483647;
			files = (
			);
			inputPaths = (
				"${SRCROOT}/Pods/Target Support Files/Pods-DevgridTest/Pods-DevgridTest-frameworks.sh",
				"${BUILT_PRODUCTS_DIR}/Alamofire/Alamofire.framework",
				"${BUILT_PRODUCTS_DIR}/Kingfisher/Kingfisher.framework",
				"${BUILT_PRODUCTS_DIR}/NVActivityIndicatorView/NVActivityIndicatorView.framework",
				"${BUILT_PRODUCTS_DIR}/SCLAlertView/SCLAlertView.framework",
				"${BUILT_PRODUCTS_DIR}/SwiftyJSON/SwiftyJSON.framework",
			);
			name = "[CP] Embed Pods Frameworks";
			outputPaths = (
				"${TARGET_BUILD_DIR}/${FRAMEWORKS_FOLDER_PATH}/Alamofire.framework",
				"${TARGET_BUILD_DIR}/${FRAMEWORKS_FOLDER_PATH}/Kingfisher.framework",
				"${TARGET_BUILD_DIR}/${FRAMEWORKS_FOLDER_PATH}/NVActivityIndicatorView.framework",
				"${TARGET_BUILD_DIR}/${FRAMEWORKS_FOLDER_PATH}/SCLAlertView.framework",
				"${TARGET_BUILD_DIR}/${FRAMEWORKS_FOLDER_PATH}/SwiftyJSON.framework",
			);
			runOnlyForDeploymentPostprocessing = 0;
			shellPath = /bin/sh;
			shellScript = "\"${SRCROOT}/Pods/Target Support Files/Pods-DevgridTest/Pods-DevgridTest-frameworks.sh\"\n";
			showEnvVarsInLog = 0;
		};
		B83E5EEC88EB675AA34A12C9 /* [CP] Check Pods Manifest.lock */ = {
			isa = PBXShellScriptBuildPhase;
			buildActionMask = 2147483647;
			files = (
			);
			inputPaths = (
				"${PODS_PODFILE_DIR_PATH}/Podfile.lock",
				"${PODS_ROOT}/Manifest.lock",
			);
			name = "[CP] Check Pods Manifest.lock";
			outputPaths = (
				"$(DERIVED_FILE_DIR)/Pods-DevgridTest-checkManifestLockResult.txt",
			);
			runOnlyForDeploymentPostprocessing = 0;
			shellPath = /bin/sh;
			shellScript = "diff \"${PODS_PODFILE_DIR_PATH}/Podfile.lock\" \"${PODS_ROOT}/Manifest.lock\" > /dev/null\nif [ $? != 0 ] ; then\n    # print error to STDERR\n    echo \"error: The sandbox is not in sync with the Podfile.lock. Run 'pod install' or update your CocoaPods installation.\" >&2\n    exit 1\nfi\n# This output is used by Xcode 'outputs' to avoid re-running this script phase.\necho \"SUCCESS\" > \"${SCRIPT_OUTPUT_FILE_0}\"\n";
			showEnvVarsInLog = 0;
		};
/* End PBXShellScriptBuildPhase section */

/* Begin PBXSourcesBuildPhase section */
		A0F4193121B7F37200C5F323 /* Sources */ = {
			isa = PBXSourcesBuildPhase;
			buildActionMask = 2147483647;
			files = (
				A0F4193B21B7F37200C5F323 /* CameraQR_VC.swift in Sources */,
				A0FA93D421B8272400366D1D /* ConnectionManager.swift in Sources */,
				A0F4193921B7F37200C5F323 /* AppDelegate.swift in Sources */,
				A0FA93D621B8273000366D1D /* ConstantsManager.swift in Sources */,
				A0FA93D221B8270B00366D1D /* Reachability.swift in Sources */,
				A0FA93D921B8279E00366D1D /* ToolBox.swift in Sources */,
			);
			runOnlyForDeploymentPostprocessing = 0;
		};
/* End PBXSourcesBuildPhase section */

/* Begin PBXVariantGroup section */
		A0F4193C21B7F37200C5F323 /* Main.storyboard */ = {
			isa = PBXVariantGroup;
			children = (
				A0F4193D21B7F37200C5F323 /* Base */,
			);
			name = Main.storyboard;
			sourceTree = "<group>";
		};
		A0F4194121B7F37B00C5F323 /* LaunchScreen.storyboard */ = {
			isa = PBXVariantGroup;
			children = (
				A0F4194221B7F37B00C5F323 /* Base */,
			);
			name = LaunchScreen.storyboard;
			sourceTree = "<group>";
		};
/* End PBXVariantGroup section */

/* Begin XCBuildConfiguration section */
		A0F4194521B7F37B00C5F323 /* Debug */ = {
			isa = XCBuildConfiguration;
			buildSettings = {
				ALWAYS_SEARCH_USER_PATHS = NO;
				CLANG_ANALYZER_NONNULL = YES;
				CLANG_ANALYZER_NUMBER_OBJECT_CONVERSION = YES_AGGRESSIVE;
				CLANG_CXX_LANGUAGE_STANDARD = "gnu++14";
				CLANG_CXX_LIBRARY = "libc++";
				CLANG_ENABLE_MODULES = YES;
				CLANG_ENABLE_OBJC_ARC = YES;
				CLANG_ENABLE_OBJC_WEAK = YES;
				CLANG_WARN_BLOCK_CAPTURE_AUTORELEASING = YES;
				CLANG_WARN_BOOL_CONVERSION = YES;
				CLANG_WARN_COMMA = YES;
				CLANG_WARN_CONSTANT_CONVERSION = YES;
				CLANG_WARN_DEPRECATED_OBJC_IMPLEMENTATIONS = YES;
				CLANG_WARN_DIRECT_OBJC_ISA_USAGE = YES_ERROR;
				CLANG_WARN_DOCUMENTATION_COMMENTS = YES;
				CLANG_WARN_EMPTY_BODY = YES;
				CLANG_WARN_ENUM_CONVERSION = YES;
				CLANG_WARN_INFINITE_RECURSION = YES;
				CLANG_WARN_INT_CONVERSION = YES;
				CLANG_WARN_NON_LITERAL_NULL_CONVERSION = YES;
				CLANG_WARN_OBJC_IMPLICIT_RETAIN_SELF = YES;
				CLANG_WARN_OBJC_LITERAL_CONVERSION = YES;
				CLANG_WARN_OBJC_ROOT_CLASS = YES_ERROR;
				CLANG_WARN_RANGE_LOOP_ANALYSIS = YES;
				CLANG_WARN_STRICT_PROTOTYPES = YES;
				CLANG_WARN_SUSPICIOUS_MOVE = YES;
				CLANG_WARN_UNGUARDED_AVAILABILITY = YES_AGGRESSIVE;
				CLANG_WARN_UNREACHABLE_CODE = YES;
				CLANG_WARN__DUPLICATE_METHOD_MATCH = YES;
				CODE_SIGN_IDENTITY = "iPhone Developer";
				COPY_PHASE_STRIP = NO;
				DEBUG_INFORMATION_FORMAT = dwarf;
				ENABLE_STRICT_OBJC_MSGSEND = YES;
				ENABLE_TESTABILITY = YES;
				GCC_C_LANGUAGE_STANDARD = gnu11;
				GCC_DYNAMIC_NO_PIC = NO;
				GCC_NO_COMMON_BLOCKS = YES;
				GCC_OPTIMIZATION_LEVEL = 0;
				GCC_PREPROCESSOR_DEFINITIONS = (
					"DEBUG=1",
					"$(inherited)",
				);
				GCC_WARN_64_TO_32_BIT_CONVERSION = YES;
				GCC_WARN_ABOUT_RETURN_TYPE = YES_ERROR;
				GCC_WARN_UNDECLARED_SELECTOR = YES;
				GCC_WARN_UNINITIALIZED_AUTOS = YES_AGGRESSIVE;
				GCC_WARN_UNUSED_FUNCTION = YES;
				GCC_WARN_UNUSED_VARIABLE = YES;
				IPHONEOS_DEPLOYMENT_TARGET = 12.1;
				MTL_ENABLE_DEBUG_INFO = INCLUDE_SOURCE;
				MTL_FAST_MATH = YES;
				ONLY_ACTIVE_ARCH = YES;
				SDKROOT = iphoneos;
				SWIFT_ACTIVE_COMPILATION_CONDITIONS = DEBUG;
				SWIFT_OPTIMIZATION_LEVEL = "-Onone";
			};
			name = Debug;
		};
		A0F4194621B7F37B00C5F323 /* Release */ = {
			isa = XCBuildConfiguration;
			buildSettings = {
				ALWAYS_SEARCH_USER_PATHS = NO;
				CLANG_ANALYZER_NONNULL = YES;
				CLANG_ANALYZER_NUMBER_OBJECT_CONVERSION = YES_AGGRESSIVE;
				CLANG_CXX_LANGUAGE_STANDARD = "gnu++14";
				CLANG_CXX_LIBRARY = "libc++";
				CLANG_ENABLE_MODULES = YES;
				CLANG_ENABLE_OBJC_ARC = YES;
				CLANG_ENABLE_OBJC_WEAK = YES;
				CLANG_WARN_BLOCK_CAPTURE_AUTORELEASING = YES;
				CLANG_WARN_BOOL_CONVERSION = YES;
				CLANG_WARN_COMMA = YES;
				CLANG_WARN_CONSTANT_CONVERSION = YES;
				CLANG_WARN_DEPRECATED_OBJC_IMPLEMENTATIONS = YES;
				CLANG_WARN_DIRECT_OBJC_ISA_USAGE = YES_ERROR;
				CLANG_WARN_DOCUMENTATION_COMMENTS = YES;
				CLANG_WARN_EMPTY_BODY = YES;
				CLANG_WARN_ENUM_CONVERSION = YES;
				CLANG_WARN_INFINITE_RECURSION = YES;
				CLANG_WARN_INT_CONVERSION = YES;
				CLANG_WARN_NON_LITERAL_NULL_CONVERSION = YES;
				CLANG_WARN_OBJC_IMPLICIT_RETAIN_SELF = YES;
				CLANG_WARN_OBJC_LITERAL_CONVERSION = YES;
				CLANG_WARN_OBJC_ROOT_CLASS = YES_ERROR;
				CLANG_WARN_RANGE_LOOP_ANALYSIS = YES;
				CLANG_WARN_STRICT_PROTOTYPES = YES;
				CLANG_WARN_SUSPICIOUS_MOVE = YES;
				CLANG_WARN_UNGUARDED_AVAILABILITY = YES_AGGRESSIVE;
				CLANG_WARN_UNREACHABLE_CODE = YES;
				CLANG_WARN__DUPLICATE_METHOD_MATCH = YES;
				CODE_SIGN_IDENTITY = "iPhone Developer";
				COPY_PHASE_STRIP = NO;
				DEBUG_INFORMATION_FORMAT = "dwarf-with-dsym";
				ENABLE_NS_ASSERTIONS = NO;
				ENABLE_STRICT_OBJC_MSGSEND = YES;
				GCC_C_LANGUAGE_STANDARD = gnu11;
				GCC_NO_COMMON_BLOCKS = YES;
				GCC_WARN_64_TO_32_BIT_CONVERSION = YES;
				GCC_WARN_ABOUT_RETURN_TYPE = YES_ERROR;
				GCC_WARN_UNDECLARED_SELECTOR = YES;
				GCC_WARN_UNINITIALIZED_AUTOS = YES_AGGRESSIVE;
				GCC_WARN_UNUSED_FUNCTION = YES;
				GCC_WARN_UNUSED_VARIABLE = YES;
				IPHONEOS_DEPLOYMENT_TARGET = 12.1;
				MTL_ENABLE_DEBUG_INFO = NO;
				MTL_FAST_MATH = YES;
				SDKROOT = iphoneos;
				SWIFT_COMPILATION_MODE = wholemodule;
				SWIFT_OPTIMIZATION_LEVEL = "-O";
				VALIDATE_PRODUCT = YES;
			};
			name = Release;
		};
		A0F4194821B7F37B00C5F323 /* Debug */ = {
			isa = XCBuildConfiguration;
			baseConfigurationReference = CD4940371B83F209104A9ECE /* Pods-DevgridTest.debug.xcconfig */;
			buildSettings = {
				ASSETCATALOG_COMPILER_APPICON_NAME = AppIcon;
				CODE_SIGN_STYLE = Automatic;
				DEVELOPMENT_TEAM = G6SQG7XCNV;
				INFOPLIST_FILE = "$(SRCROOT)/DevgridTest/SupportFiles/Info.plist";
				IPHONEOS_DEPLOYMENT_TARGET = 10;
				LD_RUNPATH_SEARCH_PATHS = (
					"$(inherited)",
					"@executable_path/Frameworks",
				);
				PRODUCT_BUNDLE_IDENTIFIER = br.com.lab360.DevgridTest;
				PRODUCT_NAME = "$(TARGET_NAME)";
				SWIFT_VERSION = 4.2;
				TARGETED_DEVICE_FAMILY = 1;
			};
			name = Debug;
		};
		A0F4194921B7F37B00C5F323 /* Release */ = {
			isa = XCBuildConfiguration;
			baseConfigurationReference = C1D6E308127EE161ED35FB20 /* Pods-DevgridTest.release.xcconfig */;
			buildSettings = {
				ASSETCATALOG_COMPILER_APPICON_NAME = AppIcon;
				CODE_SIGN_STYLE = Automatic;
				DEVELOPMENT_TEAM = G6SQG7XCNV;
				INFOPLIST_FILE = "$(SRCROOT)/DevgridTest/SupportFiles/Info.plist";
				IPHONEOS_DEPLOYMENT_TARGET = 10;
				LD_RUNPATH_SEARCH_PATHS = (
					"$(inherited)",
					"@executable_path/Frameworks",
				);
				PRODUCT_BUNDLE_IDENTIFIER = br.com.lab360.DevgridTest;
				PRODUCT_NAME = "$(TARGET_NAME)";
				SWIFT_VERSION = 4.2;
				TARGETED_DEVICE_FAMILY = 1;
			};
			name = Release;
		};
/* End XCBuildConfiguration section */

/* Begin XCConfigurationList section */
		A0F4193021B7F37200C5F323 /* Build configuration list for PBXProject "DevgridTest" */ = {
			isa = XCConfigurationList;
			buildConfigurations = (
				A0F4194521B7F37B00C5F323 /* Debug */,
				A0F4194621B7F37B00C5F323 /* Release */,
			);
			defaultConfigurationIsVisible = 0;
			defaultConfigurationName = Release;
		};
		A0F4194721B7F37B00C5F323 /* Build configuration list for PBXNativeTarget "DevgridTest" */ = {
			isa = XCConfigurationList;
			buildConfigurations = (
				A0F4194821B7F37B00C5F323 /* Debug */,
				A0F4194921B7F37B00C5F323 /* Release */,
			);
			defaultConfigurationIsVisible = 0;
			defaultConfigurationName = Release;
		};
/* End XCConfigurationList section */
	};
	rootObject = A0F4192D21B7F37200C5F323 /* Project object */;
}
